
Microsoft Visual Studio Solution File, Format Version 12.00
# Visual Studio 15
VisualStudioVersion = 15.0.28307.852
MinimumVisualStudioVersion = 10.0.40219.1
Project("{8BC9CEB8-8B4A-11D0-8D11-00A0C91BC942}") = "Lone Wilderness", "Lone Wilderness\Lone Wilderness.vcxproj", "{A992B015-81D0-4ADF-B546-D981C511DDC8}"
	ProjectSection(ProjectDependencies) = postProject
		{5CA6F5C0-1614-4A2E-822C-6FEBB34A1E19} = {5CA6F5C0-1614-4A2E-822C-6FEBB34A1E19}
	EndProjectSection
EndProject
Project("{8BC9CEB8-8B4A-11D0-8D11-00A0C91BC942}") = "Engine", "Engine\Engine.vcxproj", "{5CA6F5C0-1614-4A2E-822C-6FEBB34A1E19}"
EndProject
Global
	GlobalSection(SolutionConfigurationPlatforms) = preSolution
		Debug|x64 = Debug|x64
		Debug|x86 = Debug|x86
		Release|x64 = Release|x64
		Release|x86 = Release|x86
	EndGlobalSection
	GlobalSection(ProjectConfigurationPlatforms) = postSolution
		{A992B015-81D0-4ADF-B546-D981C511DDC8}.Debug|x64.ActiveCfg = Debug|x64
		{A992B015-81D0-4ADF-B546-D981C511DDC8}.Debug|x64.Build.0 = Debug|x64
		{A992B015-81D0-4ADF-B546-D981C511DDC8}.Debug|x86.ActiveCfg = Debug|Win32
		{A992B015-81D0-4ADF-B546-D981C511DDC8}.Debug|x86.Build.0 = Debug|Win32
		{A992B015-81D0-4ADF-B546-D981C511DDC8}.Release|x64.ActiveCfg = Release|x64
		{A992B015-81D0-4ADF-B546-D981C511DDC8}.Release|x64.Build.0 = Release|x64
		{A992B015-81D0-4ADF-B546-D981C511DDC8}.Release|x86.ActiveCfg = Release|Win32
		{A992B015-81D0-4ADF-B546-D981C511DDC8}.Release|x86.Build.0 = Release|Win32
		{5CA6F5C0-1614-4A2E-822C-6FEBB34A1E19}.Debug|x64.ActiveCfg = Debug|x64
		{5CA6F5C0-1614-4A2E-822C-6FEBB34A1E19}.Debug|x64.Build.0 = Debug|x64
		{5CA6F5C0-1614-4A2E-822C-6FEBB34A1E19}.Debug|x86.ActiveCfg = Debug|Win32
		{5CA6F5C0-1614-4A2E-822C-6FEBB34A1E19}.Debug|x86.Build.0 = Debug|Win32
		{5CA6F5C0-1614-4A2E-822C-6FEBB34A1E19}.Release|x64.ActiveCfg = Release|x64
		{5CA6F5C0-1614-4A2E-822C-6FEBB34A1E19}.Release|x64.Build.0 = Release|x64
		{5CA6F5C0-1614-4A2E-822C-6FEBB34A1E19}.Release|x86.ActiveCfg = Release|Win32
		{5CA6F5C0-1614-4A2E-822C-6FEBB34A1E19}.Release|x86.Build.0 = Release|Win32
	EndGlobalSection
	GlobalSection(SolutionProperties) = preSolution
		HideSolutionNode = FALSE
	EndGlobalSection
	GlobalSection(ExtensibilityGlobals) = postSolution
		SolutionGuid = {379DC007-8C96-41D4-A0D2-174C86E2B526}
	EndGlobalSection
EndGlobal
