<?xml version="1.0" encoding="utf-8"?>
<Project ToolsVersion="4.0" xmlns="http://schemas.microsoft.com/developer/msbuild/2003">
  <ItemGroup>
    <Filter Include="Source Files">
      <UniqueIdentifier>{4FC737F1-C7A5-4376-A066-2A32D752A2FF}</UniqueIdentifier>
      <Extensions>cpp;c;cc;cxx;def;odl;idl;hpj;bat;asm;asmx</Extensions>
    </Filter>
    <Filter Include="Header Files">
      <UniqueIdentifier>{93995380-89BD-4b04-88EB-625FBE52EBFB}</UniqueIdentifier>
      <Extensions>h;hh;hpp;hxx;hm;inl;inc;ipp;xsd</Extensions>
    </Filter>
    <Filter Include="Resource Files">
      <UniqueIdentifier>{67DA6AB6-F800-4c08-8B7A-83BB121AAD01}</UniqueIdentifier>
      <Extensions>rc;ico;cur;bmp;dlg;rc2;rct;bin;rgs;gif;jpg;jpeg;jpe;resx;tiff;tif;png;wav;mfcribbon-ms</Extensions>
    </Filter>
  </ItemGroup>
  <ItemGroup>
    <ClCompile Include="src\independent\core\application.cpp">
      <Filter>Source Files</Filter>
    </ClCompile>
    <ClCompile Include="src\independent\entities\components\camera.cpp">
      <Filter>Source Files</Filter>
    </ClCompile>
    <ClCompile Include="src\independent\entities\components\eventListener.cpp">
      <Filter>Source Files</Filter>
    </ClCompile>
    <ClCompile Include="src\independent\entities\components\meshRender2D.cpp">
      <Filter>Source Files</Filter>
    </ClCompile>
    <ClCompile Include="src\independent\entities\components\meshRender3D.cpp">
      <Filter>Source Files</Filter>
    </ClCompile>
    <ClCompile Include="src\independent\entities\components\text.cpp">
      <Filter>Source Files</Filter>
    </ClCompile>
    <ClCompile Include="src\independent\entities\components\transform2D.cpp">
      <Filter>Source Files</Filter>
    </ClCompile>
    <ClCompile Include="src\independent\entities\components\transform3D.cpp">
      <Filter>Source Files</Filter>
    </ClCompile>
    <ClCompile Include="src\independent\entities\entity.cpp">
      <Filter>Source Files</Filter>
    </ClCompile>
    <ClCompile Include="src\independent\entities\entityComponent.cpp">
      <Filter>Source Files</Filter>
    </ClCompile>
    <ClCompile Include="src\independent\events\inputPoller.cpp">
      <Filter>Source Files</Filter>
    </ClCompile>
    <ClCompile Include="src\independent\layers\layer.cpp">
      <Filter>Source Files</Filter>
    </ClCompile>
    <ClCompile Include="src\independent\layers\layerManager.cpp">
      <Filter>Source Files</Filter>
    </ClCompile>
    <ClCompile Include="src\independent\rendering\geometry\indexBuffer.cpp">
      <Filter>Source Files</Filter>
    </ClCompile>
    <ClCompile Include="src\independent\rendering\geometry\indirectBuffer.cpp">
      <Filter>Source Files</Filter>
    </ClCompile>
    <ClCompile Include="src\independent\rendering\geometry\mesh3D.cpp">
      <Filter>Source Files</Filter>
    </ClCompile>
    <ClCompile Include="src\independent\rendering\geometry\model3D.cpp">
      <Filter>Source Files</Filter>
    </ClCompile>
    <ClCompile Include="src\independent\rendering\geometry\vertexArray.cpp">
      <Filter>Source Files</Filter>
    </ClCompile>
    <ClCompile Include="src\independent\rendering\geometry\vertexBuffer.cpp">
      <Filter>Source Files</Filter>
    </ClCompile>
    <ClCompile Include="src\independent\rendering\materials\material.cpp">
      <Filter>Source Files</Filter>
    </ClCompile>
    <ClCompile Include="src\independent\rendering\renderers\renderer2D.cpp">
      <Filter>Source Files</Filter>
    </ClCompile>
    <ClCompile Include="src\independent\rendering\renderers\renderer3D.cpp">
      <Filter>Source Files</Filter>
    </ClCompile>
    <ClCompile Include="src\independent\rendering\renderPasses\passes\defaultPass.cpp">
      <Filter>Source Files</Filter>
    </ClCompile>
    <ClCompile Include="src\independent\rendering\renderPasses\passes\secondPass.cpp">
      <Filter>Source Files</Filter>
    </ClCompile>
    <ClCompile Include="src\independent\rendering\renderPasses\renderPass.cpp">
      <Filter>Source Files</Filter>
    </ClCompile>
    <ClCompile Include="src\independent\rendering\shaders\shaderProgram.cpp">
      <Filter>Source Files</Filter>
    </ClCompile>
    <ClCompile Include="src\independent\rendering\textures\subTexture.cpp">
      <Filter>Source Files</Filter>
    </ClCompile>
    <ClCompile Include="src\independent\rendering\textures\texture.cpp">
      <Filter>Source Files</Filter>
    </ClCompile>
    <ClCompile Include="src\independent\rendering\textures\textureAtlas.cpp">
      <Filter>Source Files</Filter>
    </ClCompile>
    <ClCompile Include="src\independent\rendering\textures\textureUnitManager.cpp">
      <Filter>Source Files</Filter>
    </ClCompile>
    <ClCompile Include="src\independent\rendering\frameBuffer.cpp">
      <Filter>Source Files</Filter>
    </ClCompile>
    <ClCompile Include="src\independent\rendering\renderAPI.cpp">
      <Filter>Source Files</Filter>
    </ClCompile>
    <ClCompile Include="src\independent\rendering\renderUtils.cpp">
      <Filter>Source Files</Filter>
    </ClCompile>
    <ClCompile Include="src\independent\rendering\uniformBuffer.cpp">
      <Filter>Source Files</Filter>
    </ClCompile>
    <ClCompile Include="src\independent\systems\components\font.cpp">
      <Filter>Source Files</Filter>
    </ClCompile>
    <ClCompile Include="src\independent\systems\components\scene.cpp">
      <Filter>Source Files</Filter>
    </ClCompile>
    <ClCompile Include="src\independent\systems\components\timer.cpp">
      <Filter>Source Files</Filter>
    </ClCompile>
    <ClCompile Include="src\independent\systems\components\window.cpp">
      <Filter>Source Files</Filter>
    </ClCompile>
    <ClCompile Include="src\independent\systems\components\windowProperties.cpp">
      <Filter>Source Files</Filter>
    </ClCompile>
    <ClCompile Include="src\independent\systems\systems\eventManager.cpp">
      <Filter>Source Files</Filter>
    </ClCompile>
    <ClCompile Include="src\independent\systems\systems\fontManager.cpp">
      <Filter>Source Files</Filter>
    </ClCompile>
    <ClCompile Include="src\independent\systems\systems\log.cpp">
      <Filter>Source Files</Filter>
    </ClCompile>
    <ClCompile Include="src\independent\systems\systems\randomiser.cpp">
      <Filter>Source Files</Filter>
    </ClCompile>
    <ClCompile Include="src\independent\systems\systems\renderSystem.cpp">
      <Filter>Source Files</Filter>
    </ClCompile>
    <ClCompile Include="src\independent\systems\systems\resourceManager.cpp">
      <Filter>Source Files</Filter>
    </ClCompile>
    <ClCompile Include="src\independent\systems\systems\sceneManager.cpp">
      <Filter>Source Files</Filter>
    </ClCompile>
    <ClCompile Include="src\independent\systems\systems\timerSystem.cpp">
      <Filter>Source Files</Filter>
    </ClCompile>
    <ClCompile Include="src\independent\systems\systems\windowManager.cpp">
      <Filter>Source Files</Filter>
    </ClCompile>
    <ClCompile Include="src\independent\systems\system.cpp">
      <Filter>Source Files</Filter>
    </ClCompile>
    <ClCompile Include="src\independent\systems\systemManager.cpp">
      <Filter>Source Files</Filter>
    </ClCompile>
    <ClCompile Include="src\independent\utils\assimpLoader.cpp">
      <Filter>Source Files</Filter>
    </ClCompile>
    <ClCompile Include="src\independent\utils\mathUtils.cpp">
      <Filter>Source Files</Filter>
    </ClCompile>
    <ClCompile Include="src\independent\utils\memoryUtils.cpp">
      <Filter>Source Files</Filter>
    </ClCompile>
    <ClCompile Include="src\platform\GLFW\systems\GLFWSystem.cpp">
      <Filter>Source Files</Filter>
    </ClCompile>
    <ClCompile Include="src\platform\GLFW\GLFWGLGraphicsContext.cpp">
      <Filter>Source Files</Filter>
    </ClCompile>
    <ClCompile Include="src\platform\GLFW\GLFWInputPoller.cpp">
      <Filter>Source Files</Filter>
    </ClCompile>
    <ClCompile Include="src\platform\GLFW\GLFWWindowImplementation.cpp">
      <Filter>Source Files</Filter>
    </ClCompile>
    <ClCompile Include="src\platform\OpenGL\geometry\openGLIndexBuffer.cpp">
      <Filter>Source Files</Filter>
    </ClCompile>
    <ClCompile Include="src\platform\OpenGL\geometry\openGLIndirectBuffer.cpp">
      <Filter>Source Files</Filter>
    </ClCompile>
    <ClCompile Include="src\platform\OpenGL\geometry\openGLVertexArray.cpp">
      <Filter>Source Files</Filter>
    </ClCompile>
    <ClCompile Include="src\platform\OpenGL\geometry\openGLVertexBuffer.cpp">
      <Filter>Source Files</Filter>
    </ClCompile>
    <ClCompile Include="src\platform\OpenGL\shaders\openGLShaderProgram.cpp">
      <Filter>Source Files</Filter>
    </ClCompile>
    <ClCompile Include="src\platform\OpenGL\textures\openGLTexture.cpp">
      <Filter>Source Files</Filter>
    </ClCompile>
    <ClCompile Include="src\platform\OpenGL\openGLFrameBuffer.cpp">
      <Filter>Source Files</Filter>
    </ClCompile>
    <ClCompile Include="src\platform\OpenGL\openGLRenderUtils.cpp">
      <Filter>Source Files</Filter>
    </ClCompile>
    <ClCompile Include="src\platform\OpenGL\openGLUniformBuffer.cpp">
      <Filter>Source Files</Filter>
    </ClCompile>
    <ClCompile Include="..\vendor\glad\glad.c">
      <Filter>Source Files</Filter>
    </ClCompile>
    <ClCompile Include="src\independent\rendering\renderBuffer.cpp">
      <Filter>Source Files</Filter>
    </ClCompile>
    <ClCompile Include="src\independent\utils\nameUtils.cpp">
      <Filter>Source Files</Filter>
    </ClCompile>
    <ClCompile Include="src\platform\OpenGL\openGLRenderBuffer.cpp">
      <Filter>Source Files</Filter>
    </ClCompile>
  </ItemGroup>
  <ItemGroup>
    <ClInclude Include="include\independent\core\application.h">
      <Filter>Header Files</Filter>
    </ClInclude>
    <ClInclude Include="include\independent\core\common.h">
      <Filter>Header Files</Filter>
    </ClInclude>
    <ClInclude Include="include\independent\core\graphicsContext.h">
      <Filter>Header Files</Filter>
    </ClInclude>
    <ClInclude Include="include\independent\entities\components\camera.h">
      <Filter>Header Files</Filter>
    </ClInclude>
    <ClInclude Include="include\independent\entities\components\eventListener.h">
      <Filter>Header Files</Filter>
    </ClInclude>
    <ClInclude Include="include\independent\entities\components\meshRender2D.h">
      <Filter>Header Files</Filter>
    </ClInclude>
    <ClInclude Include="include\independent\entities\components\meshRender3D.h">
      <Filter>Header Files</Filter>
    </ClInclude>
    <ClInclude Include="include\independent\entities\components\text.h">
      <Filter>Header Files</Filter>
    </ClInclude>
    <ClInclude Include="include\independent\entities\components\transform2D.h">
      <Filter>Header Files</Filter>
    </ClInclude>
    <ClInclude Include="include\independent\entities\components\transform3D.h">
      <Filter>Header Files</Filter>
    </ClInclude>
    <ClInclude Include="include\independent\entities\entity.h">
      <Filter>Header Files</Filter>
    </ClInclude>
    <ClInclude Include="include\independent\entities\entityComponent.h">
      <Filter>Header Files</Filter>
    </ClInclude>
    <ClInclude Include="include\independent\events\codes.h">
      <Filter>Header Files</Filter>
    </ClInclude>
    <ClInclude Include="include\independent\events\event.h">
      <Filter>Header Files</Filter>
    </ClInclude>
    <ClInclude Include="include\independent\events\events.h">
      <Filter>Header Files</Filter>
    </ClInclude>
    <ClInclude Include="include\independent\events\inputPoller.h">
      <Filter>Header Files</Filter>
    </ClInclude>
    <ClInclude Include="include\independent\events\keyEvents.h">
      <Filter>Header Files</Filter>
    </ClInclude>
    <ClInclude Include="include\independent\events\mouseEvents.h">
      <Filter>Header Files</Filter>
    </ClInclude>
    <ClInclude Include="include\independent\events\windowEvents.h">
      <Filter>Header Files</Filter>
    </ClInclude>
    <ClInclude Include="include\independent\layers\layer.h">
      <Filter>Header Files</Filter>
    </ClInclude>
    <ClInclude Include="include\independent\layers\layerManager.h">
      <Filter>Header Files</Filter>
    </ClInclude>
    <ClInclude Include="include\independent\rendering\geometry\bufferLayout.h">
      <Filter>Header Files</Filter>
    </ClInclude>
    <ClInclude Include="include\independent\rendering\geometry\indexBuffer.h">
      <Filter>Header Files</Filter>
    </ClInclude>
    <ClInclude Include="include\independent\rendering\geometry\indirectBuffer.h">
      <Filter>Header Files</Filter>
    </ClInclude>
    <ClInclude Include="include\independent\rendering\geometry\mesh3D.h">
      <Filter>Header Files</Filter>
    </ClInclude>
    <ClInclude Include="include\independent\rendering\geometry\model3D.h">
      <Filter>Header Files</Filter>
    </ClInclude>
    <ClInclude Include="include\independent\rendering\geometry\quad.h">
      <Filter>Header Files</Filter>
    </ClInclude>
    <ClInclude Include="include\independent\rendering\geometry\vertex.h">
      <Filter>Header Files</Filter>
    </ClInclude>
    <ClInclude Include="include\independent\rendering\geometry\vertexArray.h">
      <Filter>Header Files</Filter>
    </ClInclude>
    <ClInclude Include="include\independent\rendering\geometry\vertexBuffer.h">
      <Filter>Header Files</Filter>
    </ClInclude>
    <ClInclude Include="include\independent\rendering\materials\material.h">
      <Filter>Header Files</Filter>
    </ClInclude>
    <ClInclude Include="include\independent\rendering\renderers\renderer2D.h">
      <Filter>Header Files</Filter>
    </ClInclude>
    <ClInclude Include="include\independent\rendering\renderers\renderer3D.h">
      <Filter>Header Files</Filter>
    </ClInclude>
    <ClInclude Include="include\independent\rendering\renderers\rendererData.h">
      <Filter>Header Files</Filter>
    </ClInclude>
    <ClInclude Include="include\independent\rendering\renderPasses\passes\defaultPass.h">
      <Filter>Header Files</Filter>
    </ClInclude>
    <ClInclude Include="include\independent\rendering\renderPasses\passes\secondPass.h">
      <Filter>Header Files</Filter>
    </ClInclude>
    <ClInclude Include="include\independent\rendering\renderPasses\renderPass.h">
      <Filter>Header Files</Filter>
    </ClInclude>
    <ClInclude Include="include\independent\rendering\shaders\shaderDataType.h">
      <Filter>Header Files</Filter>
    </ClInclude>
    <ClInclude Include="include\independent\rendering\shaders\shaderProgram.h">
      <Filter>Header Files</Filter>
    </ClInclude>
    <ClInclude Include="include\independent\rendering\textures\subTexture.h">
      <Filter>Header Files</Filter>
    </ClInclude>
    <ClInclude Include="include\independent\rendering\textures\texture.h">
      <Filter>Header Files</Filter>
    </ClInclude>
    <ClInclude Include="include\independent\rendering\textures\textureAtlas.h">
      <Filter>Header Files</Filter>
    </ClInclude>
    <ClInclude Include="include\independent\rendering\textures\textureUnitManager.h">
      <Filter>Header Files</Filter>
    </ClInclude>
    <ClInclude Include="include\independent\rendering\frameBuffer.h">
      <Filter>Header Files</Filter>
    </ClInclude>
    <ClInclude Include="include\independent\rendering\renderAPI.h">
      <Filter>Header Files</Filter>
    </ClInclude>
    <ClInclude Include="include\independent\rendering\renderUtils.h">
      <Filter>Header Files</Filter>
    </ClInclude>
    <ClInclude Include="include\independent\rendering\uniformBuffer.h">
      <Filter>Header Files</Filter>
    </ClInclude>
    <ClInclude Include="include\independent\systems\components\font.h">
      <Filter>Header Files</Filter>
    </ClInclude>
    <ClInclude Include="include\independent\systems\components\scene.h">
      <Filter>Header Files</Filter>
    </ClInclude>
    <ClInclude Include="include\independent\systems\components\timer.h">
      <Filter>Header Files</Filter>
    </ClInclude>
    <ClInclude Include="include\independent\systems\components\window.h">
      <Filter>Header Files</Filter>
    </ClInclude>
    <ClInclude Include="include\independent\systems\components\windowProperties.h">
      <Filter>Header Files</Filter>
    </ClInclude>
    <ClInclude Include="include\independent\systems\systems\eventManager.h">
      <Filter>Header Files</Filter>
    </ClInclude>
    <ClInclude Include="include\independent\systems\systems\fontManager.h">
      <Filter>Header Files</Filter>
    </ClInclude>
    <ClInclude Include="include\independent\systems\systems\log.h">
      <Filter>Header Files</Filter>
    </ClInclude>
    <ClInclude Include="include\independent\systems\systems\randomiser.h">
      <Filter>Header Files</Filter>
    </ClInclude>
    <ClInclude Include="include\independent\systems\systems\renderSystem.h">
      <Filter>Header Files</Filter>
    </ClInclude>
    <ClInclude Include="include\independent\systems\systems\resourceManager.h">
      <Filter>Header Files</Filter>
    </ClInclude>
    <ClInclude Include="include\independent\systems\systems\sceneManager.h">
      <Filter>Header Files</Filter>
    </ClInclude>
    <ClInclude Include="include\independent\systems\systems\timerSystem.h">
      <Filter>Header Files</Filter>
    </ClInclude>
    <ClInclude Include="include\independent\systems\systems\windowManager.h">
      <Filter>Header Files</Filter>
    </ClInclude>
    <ClInclude Include="include\independent\systems\system.h">
      <Filter>Header Files</Filter>
    </ClInclude>
    <ClInclude Include="include\independent\systems\systemManager.h">
      <Filter>Header Files</Filter>
    </ClInclude>
    <ClInclude Include="include\independent\utils\assimpLoader.h">
      <Filter>Header Files</Filter>
    </ClInclude>
    <ClInclude Include="include\independent\utils\mathUtils.h">
      <Filter>Header Files</Filter>
    </ClInclude>
    <ClInclude Include="include\independent\utils\memoryUtils.h">
      <Filter>Header Files</Filter>
    </ClInclude>
    <ClInclude Include="include\platform\GLFW\events\GLFWCodes.h">
      <Filter>Header Files</Filter>
    </ClInclude>
    <ClInclude Include="include\platform\GLFW\systems\GLFWSystem.h">
      <Filter>Header Files</Filter>
    </ClInclude>
    <ClInclude Include="include\platform\GLFW\GLFWGLGraphicsContext.h">
      <Filter>Header Files</Filter>
    </ClInclude>
    <ClInclude Include="include\platform\GLFW\GLFWInputPoller.h">
      <Filter>Header Files</Filter>
    </ClInclude>
    <ClInclude Include="include\platform\GLFW\GLFWWindowImplementation.h">
      <Filter>Header Files</Filter>
    </ClInclude>
    <ClInclude Include="include\platform\OpenGL\geometry\openGLIndexBuffer.h">
      <Filter>Header Files</Filter>
    </ClInclude>
    <ClInclude Include="include\platform\OpenGL\geometry\openGLIndirectBuffer.h">
      <Filter>Header Files</Filter>
    </ClInclude>
    <ClInclude Include="include\platform\OpenGL\geometry\openGLVertexArray.h">
      <Filter>Header Files</Filter>
    </ClInclude>
    <ClInclude Include="include\platform\OpenGL\geometry\openGLVertexBuffer.h">
      <Filter>Header Files</Filter>
    </ClInclude>
    <ClInclude Include="include\platform\OpenGL\shaders\openGLShaderProgram.h">
      <Filter>Header Files</Filter>
    </ClInclude>
    <ClInclude Include="include\platform\OpenGL\textures\openGLTexture.h">
      <Filter>Header Files</Filter>
    </ClInclude>
    <ClInclude Include="include\platform\OpenGL\openGLFrameBuffer.h">
      <Filter>Header Files</Filter>
    </ClInclude>
    <ClInclude Include="include\platform\OpenGL\openGLRenderUtils.h">
      <Filter>Header Files</Filter>
    </ClInclude>
    <ClInclude Include="include\platform\OpenGL\openGLUniformBuffer.h">
      <Filter>Header Files</Filter>
    </ClInclude>
    <ClInclude Include="include\entryPoint.h">
      <Filter>Header Files</Filter>
    </ClInclude>
    <ClInclude Include="..\vendor\stb_image.h">
      <Filter>Header Files</Filter>
    </ClInclude>
    <ClInclude Include="include\independent\rendering\renderBuffer.h">
      <Filter>Header Files</Filter>
    </ClInclude>
    <ClInclude Include="include\independent\utils\nameUtils.h">
      <Filter>Header Files</Filter>
    </ClInclude>
    <ClInclude Include="include\platform\OpenGL\openGLRenderBuffer.h">
      <Filter>Header Files</Filter>
    </ClInclude>
  </ItemGroup>
</Project>