<?xml version="1.0" encoding="utf-8"?>
<Project ToolsVersion="4.0" xmlns="http://schemas.microsoft.com/developer/msbuild/2003">
  <ItemGroup>
    <Filter Include="Source Files">
      <UniqueIdentifier>{4FC737F1-C7A5-4376-A066-2A32D752A2FF}</UniqueIdentifier>
      <Extensions>cpp;c;cc;cxx;def;odl;idl;hpj;bat;asm;asmx</Extensions>
    </Filter>
    <Filter Include="Header Files">
      <UniqueIdentifier>{93995380-89BD-4b04-88EB-625FBE52EBFB}</UniqueIdentifier>
      <Extensions>h;hh;hpp;hxx;hm;inl;inc;ipp;xsd</Extensions>
    </Filter>
    <Filter Include="Resource Files">
      <UniqueIdentifier>{67DA6AB6-F800-4c08-8B7A-83BB121AAD01}</UniqueIdentifier>
      <Extensions>rc;ico;cur;bmp;dlg;rc2;rct;bin;rgs;gif;jpg;jpeg;jpe;resx;tiff;tif;png;wav;mfcribbon-ms</Extensions>
    </Filter>
  </ItemGroup>
  <ItemGroup>
    <ClInclude Include="include\gameApplication.h">
      <Filter>Header Files</Filter>
    </ClInclude>
    <ClInclude Include="include\loaders\sceneLoader.h">
      <Filter>Header Files</Filter>
    </ClInclude>
    <ClInclude Include="include\layers\defaultLayer.h">
      <Filter>Header Files</Filter>
    </ClInclude>
    <ClInclude Include="include\layers\UILayer.h">
      <Filter>Header Files</Filter>
    </ClInclude>
    <ClInclude Include="include\scripts\FPSCounter.h">
      <Filter>Header Files</Filter>
    </ClInclude>
    <ClInclude Include="include\terrain\chunk.h">
      <Filter>Header Files</Filter>
    </ClInclude>
    <ClInclude Include="include\terrain\chunkManager.h">
      <Filter>Header Files</Filter>
    </ClInclude>
    <ClInclude Include="include\layers\pauseLayer.h">
      <Filter>Header Files</Filter>
    </ClInclude>
    <ClInclude Include="include\layers\settingsLayer.h">
      <Filter>Header Files</Filter>
    </ClInclude>
    <ClInclude Include="include\scripts\gameObjects\cyborg.h">
      <Filter>Header Files</Filter>
    </ClInclude>
    <ClInclude Include="include\scripts\gameObjects\placeObject.h">
      <Filter>Header Files</Filter>
    </ClInclude>
    <ClInclude Include="include\scripts\gameObjects\player.h">
      <Filter>Header Files</Filter>
    </ClInclude>
    <ClInclude Include="include\scripts\loading\resourcesScript.h">
      <Filter>Header Files</Filter>
    </ClInclude>
    <ClInclude Include="include\scripts\mainMenu\cameraRotationScript.h">
      <Filter>Header Files</Filter>
    </ClInclude>
    <ClInclude Include="include\scripts\menus\settings\keybindText.h">
      <Filter>Header Files</Filter>
    </ClInclude>
    <ClInclude Include="include\scripts\menus\mainMenuText.h">
      <Filter>Header Files</Filter>
    </ClInclude>
    <ClInclude Include="include\scripts\menus\pauseMenuText.h">
      <Filter>Header Files</Filter>
    </ClInclude>
    <ClInclude Include="include\scripts\menus\pauseScript.h">
      <Filter>Header Files</Filter>
    </ClInclude>
    <ClInclude Include="include\scripts\menus\settingsMenuText.h">
      <Filter>Header Files</Filter>
    </ClInclude>
    <ClInclude Include="include\scripts\menus\settingsScript.h">
      <Filter>Header Files</Filter>
    </ClInclude>
    <ClInclude Include="include\scripts\testing\testScript.h">
      <Filter>Header Files</Filter>
    </ClInclude>
    <ClInclude Include="include\scripts\engineScript.h">
      <Filter>Header Files</Filter>
    </ClInclude>
    <ClInclude Include="include\scripts\layerControl.h">
      <Filter>Header Files</Filter>
    </ClInclude>
    <ClInclude Include="include\scripts\gameObjects\staticLight.h">
      <Filter>Header Files</Filter>
    </ClInclude>
    <ClInclude Include="include\settings\settings.h">
      <Filter>Header Files</Filter>
    </ClInclude>
    <ClInclude Include="include\scripts\gameObjects\terrain.h">
      <Filter>Header Files</Filter>
    </ClInclude>
    <ClInclude Include="include\scripts\gameObjects\player\inventory.h">
      <Filter>Header Files</Filter>
    </ClInclude>
    <ClInclude Include="include\scripts\gameObjects\player\hotbar.h">
      <Filter>Header Files</Filter>
    </ClInclude>
    <ClInclude Include="include\scripts\gameObjects\environment.h">
      <Filter>Header Files</Filter>
    </ClInclude>
    <ClInclude Include="include\scripts\gameObjects\water.h">
      <Filter>Header Files</Filter>
    </ClInclude>
    <ClInclude Include="include\scripts\gameTimer.h">
      <Filter>Header Files</Filter>
    </ClInclude>
    <ClInclude Include="include\scripts\gameObjects\sun.h">
      <Filter>Header Files</Filter>
    </ClInclude>
    <ClInclude Include="include\scripts\gameObjects\player\item.h">
      <Filter>Header Files</Filter>
    </ClInclude>
    <ClInclude Include="include\scripts\menus\inventoryMenu.h">
      <Filter>Header Files</Filter>
    </ClInclude>
    <ClInclude Include="include\layers\inventoryLayer.h">
      <Filter>Header Files</Filter>
    </ClInclude>
    <ClInclude Include="include\scripts\menus\inventoryElement.h">
      <Filter>Header Files</Filter>
    </ClInclude>
    <ClInclude Include="include\layers\craftingLayer.h">
      <Filter>Header Files</Filter>
    </ClInclude>
    <ClInclude Include="include\scripts\menus\craftingMenu.h">
      <Filter>Header Files</Filter>
    </ClInclude>
  </ItemGroup>
  <ItemGroup>
    <ClCompile Include="src\layers\defaultLayer.cpp">
      <Filter>Source Files</Filter>
    </ClCompile>
    <ClCompile Include="src\layers\UILayer.cpp">
      <Filter>Source Files</Filter>
    </ClCompile>
    <ClCompile Include="src\loaders\sceneLoader.cpp">
      <Filter>Source Files</Filter>
    </ClCompile>
    <ClCompile Include="src\scripts\FPSCounter.cpp">
      <Filter>Source Files</Filter>
    </ClCompile>
    <ClCompile Include="src\terrain\chunk.cpp">
      <Filter>Source Files</Filter>
    </ClCompile>
    <ClCompile Include="src\terrain\chunkManager.cpp">
      <Filter>Source Files</Filter>
    </ClCompile>
    <ClCompile Include="src\gameApplication.cpp">
      <Filter>Source Files</Filter>
    </ClCompile>
    <ClCompile Include="src\layers\pauseLayer.cpp">
      <Filter>Source Files</Filter>
    </ClCompile>
    <ClCompile Include="src\layers\settingsLayer.cpp">
      <Filter>Source Files</Filter>
    </ClCompile>
    <ClCompile Include="src\scripts\gameObjects\cyborg.cpp">
      <Filter>Source Files</Filter>
    </ClCompile>
    <ClCompile Include="src\scripts\gameObjects\placeObject.cpp">
      <Filter>Source Files</Filter>
    </ClCompile>
    <ClCompile Include="src\scripts\gameObjects\player.cpp">
      <Filter>Source Files</Filter>
    </ClCompile>
    <ClCompile Include="src\scripts\gameObjects\terrain.cpp">
      <Filter>Source Files</Filter>
    </ClCompile>
    <ClCompile Include="src\scripts\loading\resourcesScript.cpp">
      <Filter>Source Files</Filter>
    </ClCompile>
    <ClCompile Include="src\scripts\mainMenu\cameraRotationScript.cpp">
      <Filter>Source Files</Filter>
    </ClCompile>
    <ClCompile Include="src\scripts\menus\settings\keybindText.cpp">
      <Filter>Source Files</Filter>
    </ClCompile>
    <ClCompile Include="src\scripts\menus\mainMenuText.cpp">
      <Filter>Source Files</Filter>
    </ClCompile>
    <ClCompile Include="src\scripts\menus\pauseMenuText.cpp">
      <Filter>Source Files</Filter>
    </ClCompile>
    <ClCompile Include="src\scripts\menus\pauseScript.cpp">
      <Filter>Source Files</Filter>
    </ClCompile>
    <ClCompile Include="src\scripts\menus\settingsMenuText.cpp">
      <Filter>Source Files</Filter>
    </ClCompile>
    <ClCompile Include="src\scripts\menus\settingsScript.cpp">
      <Filter>Source Files</Filter>
    </ClCompile>
    <ClCompile Include="src\scripts\testing\testScript.cpp">
      <Filter>Source Files</Filter>
    </ClCompile>
    <ClCompile Include="src\scripts\engineScript.cpp">
      <Filter>Source Files</Filter>
    </ClCompile>
    <ClCompile Include="src\scripts\layerControl.cpp">
      <Filter>Source Files</Filter>
    </ClCompile>
    <ClCompile Include="src\scripts\gameObjects\staticLight.cpp">
      <Filter>Source Files</Filter>
    </ClCompile>
    <ClCompile Include="src\settings\settings.cpp">
      <Filter>Source Files</Filter>
    </ClCompile>
    <ClCompile Include="src\scripts\gameObjects\player\hotbar.cpp">
      <Filter>Source Files</Filter>
    </ClCompile>
    <ClCompile Include="src\scripts\gameObjects\player\inventory.cpp">
      <Filter>Source Files</Filter>
    </ClCompile>
    <ClCompile Include="src\scripts\gameObjects\environment.cpp">
      <Filter>Source Files</Filter>
    </ClCompile>
    <ClCompile Include="src\scripts\gameObjects\water.cpp">
      <Filter>Source Files</Filter>
    </ClCompile>
    <ClCompile Include="src\scripts\gameTimer.cpp">
      <Filter>Source Files</Filter>
    </ClCompile>
    <ClCompile Include="src\scripts\gameObjects\sun.cpp">
      <Filter>Source Files</Filter>
    </ClCompile>
    <ClCompile Include="src\scripts\gameObjects\player\item.cpp">
      <Filter>Source Files</Filter>
    </ClCompile>
    <ClCompile Include="src\scripts\menus\inventoryMenu.cpp">
      <Filter>Source Files</Filter>
    </ClCompile>
    <ClCompile Include="src\layers\inventoryLayer.cpp">
      <Filter>Source Files</Filter>
    </ClCompile>
    <ClCompile Include="src\scripts\menus\inventoryElement.cpp">
      <Filter>Source Files</Filter>
    </ClCompile>
    <ClCompile Include="src\layers\craftingLayer.cpp">
      <Filter>Source Files</Filter>
    </ClCompile>
    <ClCompile Include="src\scripts\menus\craftingMenu.cpp">
      <Filter>Source Files</Filter>
    </ClCompile>
  </ItemGroup>
</Project>